// !$*UTF8*$!
{
	archiveVersion = 1;
	classes = {
	};
	objectVersion = 46;
	objects = {

/* Begin PBXBuildFile section */
		501301781737663B0064AEAB /* Junction.otf in Resources */ = {isa = PBXBuildFile; fileRef = 501301771737663B0064AEAB /* Junction.otf */; };
		5013017A1737673F0064AEAB /* Raleway Thin.otf in Resources */ = {isa = PBXBuildFile; fileRef = 501301791737673F0064AEAB /* Raleway Thin.otf */; };
		5013017C173767DD0064AEAB /* Fanwood.otf in Resources */ = {isa = PBXBuildFile; fileRef = 5013017B173767DD0064AEAB /* Fanwood.otf */; };
		501301AD17376CFE0064AEAB /* sound-swipe.aif in Resources */ = {isa = PBXBuildFile; fileRef = 501301AC17376CFE0064AEAB /* sound-swipe.aif */; };
		5013022C17482E650064AEAB /* SoundEffectPlayer.m in Sources */ = {isa = PBXBuildFile; fileRef = 5013022B17482E650064AEAB /* SoundEffectPlayer.m */; };
		501302311748316B0064AEAB /* UIViewController+StoryboardActions.m in Sources */ = {isa = PBXBuildFile; fileRef = 501302301748316B0064AEAB /* UIViewController+StoryboardActions.m */; };
		5013023B174831850064AEAB /* UIButton+TCCustomFont.m in Sources */ = {isa = PBXBuildFile; fileRef = 50130237174831850064AEAB /* UIButton+TCCustomFont.m */; };
		5013023C174831850064AEAB /* UILabel+TCCustomFont.m in Sources */ = {isa = PBXBuildFile; fileRef = 50130238174831850064AEAB /* UILabel+TCCustomFont.m */; };
		5013023D174831850064AEAB /* UITextField+TCCustomFont.m in Sources */ = {isa = PBXBuildFile; fileRef = 50130239174831850064AEAB /* UITextField+TCCustomFont.m */; };
		5013023E174831850064AEAB /* UITextView+TCCustomFont.m in Sources */ = {isa = PBXBuildFile; fileRef = 5013023A174831850064AEAB /* UITextView+TCCustomFont.m */; };
		50130243174831950064AEAB /* UIViewController+Toggle.m in Sources */ = {isa = PBXBuildFile; fileRef = 5013023F174831930064AEAB /* UIViewController+Toggle.m */; };
		50130244174831950064AEAB /* UIStoryboard+MainStoryboard.m in Sources */ = {isa = PBXBuildFile; fileRef = 50130241174831940064AEAB /* UIStoryboard+MainStoryboard.m */; };
		50182FE717356A7500C9EA0A /* UIKit.framework in Frameworks */ = {isa = PBXBuildFile; fileRef = 50182FE617356A7500C9EA0A /* UIKit.framework */; };
		50182FE917356A7500C9EA0A /* Foundation.framework in Frameworks */ = {isa = PBXBuildFile; fileRef = 50182FE817356A7500C9EA0A /* Foundation.framework */; };
		50182FEB17356A7500C9EA0A /* CoreGraphics.framework in Frameworks */ = {isa = PBXBuildFile; fileRef = 50182FEA17356A7500C9EA0A /* CoreGraphics.framework */; };
		50182FF117356A7500C9EA0A /* InfoPlist.strings in Resources */ = {isa = PBXBuildFile; fileRef = 50182FEF17356A7500C9EA0A /* InfoPlist.strings */; };
		50182FF317356A7500C9EA0A /* main.m in Sources */ = {isa = PBXBuildFile; fileRef = 50182FF217356A7500C9EA0A /* main.m */; };
		50182FF717356A7500C9EA0A /* AppDelegate.m in Sources */ = {isa = PBXBuildFile; fileRef = 50182FF617356A7500C9EA0A /* AppDelegate.m */; };
		50182FF917356A7500C9EA0A /* Default.png in Resources */ = {isa = PBXBuildFile; fileRef = 50182FF817356A7500C9EA0A /* Default.png */; };
		50182FFB17356A7500C9EA0A /* Default@2x.png in Resources */ = {isa = PBXBuildFile; fileRef = 50182FFA17356A7500C9EA0A /* Default@2x.png */; };
		50182FFD17356A7500C9EA0A /* Default-568h@2x.png in Resources */ = {isa = PBXBuildFile; fileRef = 50182FFC17356A7500C9EA0A /* Default-568h@2x.png */; };
		5018300017356A7500C9EA0A /* MainStoryboard_iPhone.storyboard in Resources */ = {isa = PBXBuildFile; fileRef = 50182FFE17356A7500C9EA0A /* MainStoryboard_iPhone.storyboard */; };
		5018300317356A7500C9EA0A /* MainStoryboard_iPad.storyboard in Resources */ = {isa = PBXBuildFile; fileRef = 5018300117356A7500C9EA0A /* MainStoryboard_iPad.storyboard */; };
		5018300617356A7500C9EA0A /* ViewController.m in Sources */ = {isa = PBXBuildFile; fileRef = 5018300517356A7500C9EA0A /* ViewController.m */; };
		5018300E17356A7500C9EA0A /* SenTestingKit.framework in Frameworks */ = {isa = PBXBuildFile; fileRef = 5018300D17356A7500C9EA0A /* SenTestingKit.framework */; };
		5018300F17356A7500C9EA0A /* UIKit.framework in Frameworks */ = {isa = PBXBuildFile; fileRef = 50182FE617356A7500C9EA0A /* UIKit.framework */; };
		5018301017356A7500C9EA0A /* Foundation.framework in Frameworks */ = {isa = PBXBuildFile; fileRef = 50182FE817356A7500C9EA0A /* Foundation.framework */; };
		5018301817356A7500C9EA0A /* InfoPlist.strings in Resources */ = {isa = PBXBuildFile; fileRef = 5018301617356A7500C9EA0A /* InfoPlist.strings */; };
		5018301B17356A7500C9EA0A /* StoryboardSupportTests.m in Sources */ = {isa = PBXBuildFile; fileRef = 5018301A17356A7500C9EA0A /* StoryboardSupportTests.m */; };
		501830361735BB8900C9EA0A /* QuartzCore.framework in Frameworks */ = {isa = PBXBuildFile; fileRef = 501830351735BB8900C9EA0A /* QuartzCore.framework */; };
		5018303F1735EA1F00C9EA0A /* AudioToolbox.framework in Frameworks */ = {isa = PBXBuildFile; fileRef = 5018303E1735EA1F00C9EA0A /* AudioToolbox.framework */; };
		50B9800F1735F11D00C7ECBD /* GoudyBookletter1911.otf in Resources */ = {isa = PBXBuildFile; fileRef = 50B9800E1735F11D00C7ECBD /* GoudyBookletter1911.otf */; };
/* End PBXBuildFile section */

/* Begin PBXContainerItemProxy section */
		5018301117356A7500C9EA0A /* PBXContainerItemProxy */ = {
			isa = PBXContainerItemProxy;
			containerPortal = 50182FDB17356A7400C9EA0A /* Project object */;
			proxyType = 1;
			remoteGlobalIDString = 50182FE217356A7400C9EA0A;
			remoteInfo = StoryboardSupport;
		};
/* End PBXContainerItemProxy section */

/* Begin PBXFileReference section */
		501301771737663B0064AEAB /* Junction.otf */ = {isa = PBXFileReference; lastKnownFileType = file; path = Junction.otf; sourceTree = "<group>"; };
		501301791737673F0064AEAB /* Raleway Thin.otf */ = {isa = PBXFileReference; lastKnownFileType = file; path = "Raleway Thin.otf"; sourceTree = "<group>"; };
		5013017B173767DD0064AEAB /* Fanwood.otf */ = {isa = PBXFileReference; lastKnownFileType = file; path = Fanwood.otf; sourceTree = "<group>"; };
		501301AC17376CFE0064AEAB /* sound-swipe.aif */ = {isa = PBXFileReference; lastKnownFileType = file; path = "sound-swipe.aif"; sourceTree = "<group>"; };
		5013022A17482E650064AEAB /* SoundEffectPlayer.h */ = {isa = PBXFileReference; fileEncoding = 4; lastKnownFileType = sourcecode.c.h; name = SoundEffectPlayer.h; path = "Sound Effects/SoundEffectPlayer.h"; sourceTree = "<group>"; };
		5013022B17482E650064AEAB /* SoundEffectPlayer.m */ = {isa = PBXFileReference; fileEncoding = 4; lastKnownFileType = sourcecode.c.objc; name = SoundEffectPlayer.m; path = "Sound Effects/SoundEffectPlayer.m"; sourceTree = "<group>"; };
		5013022D17482F1C0064AEAB /* StoryboardSupport.h */ = {isa = PBXFileReference; lastKnownFileType = sourcecode.c.h; path = StoryboardSupport.h; sourceTree = "<group>"; };
		5013022F1748316B0064AEAB /* UIViewController+StoryboardActions.h */ = {isa = PBXFileReference; fileEncoding = 4; lastKnownFileType = sourcecode.c.h; path = "UIViewController+StoryboardActions.h"; sourceTree = "<group>"; };
		501302301748316B0064AEAB /* UIViewController+StoryboardActions.m */ = {isa = PBXFileReference; fileEncoding = 4; lastKnownFileType = sourcecode.c.objc; path = "UIViewController+StoryboardActions.m"; sourceTree = "<group>"; };
		50130233174831850064AEAB /* UIButton+TCCustomFont.h */ = {isa = PBXFileReference; fileEncoding = 4; lastKnownFileType = sourcecode.c.h; path = "UIButton+TCCustomFont.h"; sourceTree = "<group>"; };
		50130234174831850064AEAB /* UILabel+TCCustomFont.h */ = {isa = PBXFileReference; fileEncoding = 4; lastKnownFileType = sourcecode.c.h; path = "UILabel+TCCustomFont.h"; sourceTree = "<group>"; };
		50130235174831850064AEAB /* UITextField+TCCustomFont.h */ = {isa = PBXFileReference; fileEncoding = 4; lastKnownFileType = sourcecode.c.h; path = "UITextField+TCCustomFont.h"; sourceTree = "<group>"; };
		50130236174831850064AEAB /* UITextView+TCCustomFont.h */ = {isa = PBXFileReference; fileEncoding = 4; lastKnownFileType = sourcecode.c.h; path = "UITextView+TCCustomFont.h"; sourceTree = "<group>"; };
		50130237174831850064AEAB /* UIButton+TCCustomFont.m */ = {isa = PBXFileReference; fileEncoding = 4; lastKnownFileType = sourcecode.c.objc; path = "UIButton+TCCustomFont.m"; sourceTree = "<group>"; };
		50130238174831850064AEAB /* UILabel+TCCustomFont.m */ = {isa = PBXFileReference; fileEncoding = 4; lastKnownFileType = sourcecode.c.objc; path = "UILabel+TCCustomFont.m"; sourceTree = "<group>"; };
		50130239174831850064AEAB /* UITextField+TCCustomFont.m */ = {isa = PBXFileReference; fileEncoding = 4; lastKnownFileType = sourcecode.c.objc; path = "UITextField+TCCustomFont.m"; sourceTree = "<group>"; };
		5013023A174831850064AEAB /* UITextView+TCCustomFont.m */ = {isa = PBXFileReference; fileEncoding = 4; lastKnownFileType = sourcecode.c.objc; path = "UITextView+TCCustomFont.m"; sourceTree = "<group>"; };
		5013023F174831930064AEAB /* UIViewController+Toggle.m */ = {isa = PBXFileReference; fileEncoding = 4; lastKnownFileType = sourcecode.c.objc; path = "UIViewController+Toggle.m"; sourceTree = "<group>"; };
		50130240174831940064AEAB /* UIStoryboard+MainStoryboard.h */ = {isa = PBXFileReference; fileEncoding = 4; lastKnownFileType = sourcecode.c.h; path = "UIStoryboard+MainStoryboard.h"; sourceTree = "<group>"; };
		50130241174831940064AEAB /* UIStoryboard+MainStoryboard.m */ = {isa = PBXFileReference; fileEncoding = 4; lastKnownFileType = sourcecode.c.objc; path = "UIStoryboard+MainStoryboard.m"; sourceTree = "<group>"; };
		50130242174831940064AEAB /* UIViewController+Toggle.h */ = {isa = PBXFileReference; fileEncoding = 4; lastKnownFileType = sourcecode.c.h; path = "UIViewController+Toggle.h"; sourceTree = "<group>"; };
		50182FE317356A7500C9EA0A /* StoryboardSupport.app */ = {isa = PBXFileReference; explicitFileType = wrapper.application; includeInIndex = 0; path = StoryboardSupport.app; sourceTree = BUILT_PRODUCTS_DIR; };
		50182FE617356A7500C9EA0A /* UIKit.framework */ = {isa = PBXFileReference; lastKnownFileType = wrapper.framework; name = UIKit.framework; path = System/Library/Frameworks/UIKit.framework; sourceTree = SDKROOT; };
		50182FE817356A7500C9EA0A /* Foundation.framework */ = {isa = PBXFileReference; lastKnownFileType = wrapper.framework; name = Foundation.framework; path = System/Library/Frameworks/Foundation.framework; sourceTree = SDKROOT; };
		50182FEA17356A7500C9EA0A /* CoreGraphics.framework */ = {isa = PBXFileReference; lastKnownFileType = wrapper.framework; name = CoreGraphics.framework; path = System/Library/Frameworks/CoreGraphics.framework; sourceTree = SDKROOT; };
		50182FEE17356A7500C9EA0A /* StoryboardSupport-Info.plist */ = {isa = PBXFileReference; lastKnownFileType = text.plist.xml; path = "StoryboardSupport-Info.plist"; sourceTree = "<group>"; };
		50182FF017356A7500C9EA0A /* en */ = {isa = PBXFileReference; lastKnownFileType = text.plist.strings; name = en; path = en.lproj/InfoPlist.strings; sourceTree = "<group>"; };
		50182FF217356A7500C9EA0A /* main.m */ = {isa = PBXFileReference; lastKnownFileType = sourcecode.c.objc; path = main.m; sourceTree = "<group>"; };
		50182FF417356A7500C9EA0A /* StoryboardSupport-Prefix.pch */ = {isa = PBXFileReference; lastKnownFileType = sourcecode.c.h; path = "StoryboardSupport-Prefix.pch"; sourceTree = "<group>"; };
		50182FF517356A7500C9EA0A /* AppDelegate.h */ = {isa = PBXFileReference; lastKnownFileType = sourcecode.c.h; path = AppDelegate.h; sourceTree = "<group>"; };
		50182FF617356A7500C9EA0A /* AppDelegate.m */ = {isa = PBXFileReference; lastKnownFileType = sourcecode.c.objc; path = AppDelegate.m; sourceTree = "<group>"; };
		50182FF817356A7500C9EA0A /* Default.png */ = {isa = PBXFileReference; lastKnownFileType = image.png; path = Default.png; sourceTree = "<group>"; };
		50182FFA17356A7500C9EA0A /* Default@2x.png */ = {isa = PBXFileReference; lastKnownFileType = image.png; path = "Default@2x.png"; sourceTree = "<group>"; };
		50182FFC17356A7500C9EA0A /* Default-568h@2x.png */ = {isa = PBXFileReference; lastKnownFileType = image.png; path = "Default-568h@2x.png"; sourceTree = "<group>"; };
		50182FFF17356A7500C9EA0A /* en */ = {isa = PBXFileReference; lastKnownFileType = file.storyboard; name = en; path = en.lproj/MainStoryboard_iPhone.storyboard; sourceTree = "<group>"; };
		5018300217356A7500C9EA0A /* en */ = {isa = PBXFileReference; lastKnownFileType = file.storyboard; name = en; path = en.lproj/MainStoryboard_iPad.storyboard; sourceTree = "<group>"; };
		5018300417356A7500C9EA0A /* ViewController.h */ = {isa = PBXFileReference; lastKnownFileType = sourcecode.c.h; path = ViewController.h; sourceTree = "<group>"; };
		5018300517356A7500C9EA0A /* ViewController.m */ = {isa = PBXFileReference; lastKnownFileType = sourcecode.c.objc; path = ViewController.m; sourceTree = "<group>"; };
		5018300C17356A7500C9EA0A /* StoryboardSupportTests.octest */ = {isa = PBXFileReference; explicitFileType = wrapper.cfbundle; includeInIndex = 0; path = StoryboardSupportTests.octest; sourceTree = BUILT_PRODUCTS_DIR; };
		5018300D17356A7500C9EA0A /* SenTestingKit.framework */ = {isa = PBXFileReference; lastKnownFileType = wrapper.framework; name = SenTestingKit.framework; path = Library/Frameworks/SenTestingKit.framework; sourceTree = DEVELOPER_DIR; };
		5018301517356A7500C9EA0A /* StoryboardSupportTests-Info.plist */ = {isa = PBXFileReference; lastKnownFileType = text.plist.xml; path = "StoryboardSupportTests-Info.plist"; sourceTree = "<group>"; };
		5018301717356A7500C9EA0A /* en */ = {isa = PBXFileReference; lastKnownFileType = text.plist.strings; name = en; path = en.lproj/InfoPlist.strings; sourceTree = "<group>"; };
		5018301917356A7500C9EA0A /* StoryboardSupportTests.h */ = {isa = PBXFileReference; lastKnownFileType = sourcecode.c.h; path = StoryboardSupportTests.h; sourceTree = "<group>"; };
		5018301A17356A7500C9EA0A /* StoryboardSupportTests.m */ = {isa = PBXFileReference; lastKnownFileType = sourcecode.c.objc; path = StoryboardSupportTests.m; sourceTree = "<group>"; };
		501830351735BB8900C9EA0A /* QuartzCore.framework */ = {isa = PBXFileReference; lastKnownFileType = wrapper.framework; name = QuartzCore.framework; path = System/Library/Frameworks/QuartzCore.framework; sourceTree = SDKROOT; };
		5018303E1735EA1F00C9EA0A /* AudioToolbox.framework */ = {isa = PBXFileReference; lastKnownFileType = wrapper.framework; name = AudioToolbox.framework; path = System/Library/Frameworks/AudioToolbox.framework; sourceTree = SDKROOT; };
		50B9800E1735F11D00C7ECBD /* GoudyBookletter1911.otf */ = {isa = PBXFileReference; lastKnownFileType = file; path = GoudyBookletter1911.otf; sourceTree = "<group>"; };
/* End PBXFileReference section */

/* Begin PBXFrameworksBuildPhase section */
		50182FE017356A7400C9EA0A /* Frameworks */ = {
			isa = PBXFrameworksBuildPhase;
			buildActionMask = 2147483647;
			files = (
				5018303F1735EA1F00C9EA0A /* AudioToolbox.framework in Frameworks */,
				501830361735BB8900C9EA0A /* QuartzCore.framework in Frameworks */,
				50182FE717356A7500C9EA0A /* UIKit.framework in Frameworks */,
				50182FE917356A7500C9EA0A /* Foundation.framework in Frameworks */,
				50182FEB17356A7500C9EA0A /* CoreGraphics.framework in Frameworks */,
			);
			runOnlyForDeploymentPostprocessing = 0;
		};
		5018300817356A7500C9EA0A /* Frameworks */ = {
			isa = PBXFrameworksBuildPhase;
			buildActionMask = 2147483647;
			files = (
				5018300E17356A7500C9EA0A /* SenTestingKit.framework in Frameworks */,
				5018300F17356A7500C9EA0A /* UIKit.framework in Frameworks */,
				5018301017356A7500C9EA0A /* Foundation.framework in Frameworks */,
			);
			runOnlyForDeploymentPostprocessing = 0;
		};
/* End PBXFrameworksBuildPhase section */

/* Begin PBXGroup section */
		5013022917482D690064AEAB /* Classes */ = {
			isa = PBXGroup;
			children = (
				5013022D17482F1C0064AEAB /* StoryboardSupport.h */,
				5013022E1748315F0064AEAB /* Categories */,
				5013022A17482E650064AEAB /* SoundEffectPlayer.h */,
				5013022B17482E650064AEAB /* SoundEffectPlayer.m */,
			);
			path = Classes;
			sourceTree = "<group>";
		};
		5013022E1748315F0064AEAB /* Categories */ = {
			isa = PBXGroup;
			children = (
				5013022F1748316B0064AEAB /* UIViewController+StoryboardActions.h */,
				501302301748316B0064AEAB /* UIViewController+StoryboardActions.m */,
				50130242174831940064AEAB /* UIViewController+Toggle.h */,
				5013023F174831930064AEAB /* UIViewController+Toggle.m */,
				50130240174831940064AEAB /* UIStoryboard+MainStoryboard.h */,
				50130241174831940064AEAB /* UIStoryboard+MainStoryboard.m */,
				50130232174831790064AEAB /* Custom Font Support */,
			);
			path = Categories;
			sourceTree = "<group>";
		};
		50130232174831790064AEAB /* Custom Font Support */ = {
			isa = PBXGroup;
			children = (
				50130233174831850064AEAB /* UIButton+TCCustomFont.h */,
				50130234174831850064AEAB /* UILabel+TCCustomFont.h */,
				50130235174831850064AEAB /* UITextField+TCCustomFont.h */,
				50130236174831850064AEAB /* UITextView+TCCustomFont.h */,
				50130237174831850064AEAB /* UIButton+TCCustomFont.m */,
				50130238174831850064AEAB /* UILabel+TCCustomFont.m */,
				50130239174831850064AEAB /* UITextField+TCCustomFont.m */,
				5013023A174831850064AEAB /* UITextView+TCCustomFont.m */,
			);
			name = "Custom Font Support";
			sourceTree = "<group>";
		};
		50182FDA17356A7400C9EA0A = {
			isa = PBXGroup;
			children = (
				50182FEC17356A7500C9EA0A /* StoryboardSupport */,
				5018301317356A7500C9EA0A /* StoryboardSupportTests */,
				50182FE517356A7500C9EA0A /* Frameworks */,
				50182FE417356A7500C9EA0A /* Products */,
			);
			sourceTree = "<group>";
		};
		50182FE417356A7500C9EA0A /* Products */ = {
			isa = PBXGroup;
			children = (
				50182FE317356A7500C9EA0A /* StoryboardSupport.app */,
				5018300C17356A7500C9EA0A /* StoryboardSupportTests.octest */,
			);
			name = Products;
			sourceTree = "<group>";
		};
		50182FE517356A7500C9EA0A /* Frameworks */ = {
			isa = PBXGroup;
			children = (
				5018303E1735EA1F00C9EA0A /* AudioToolbox.framework */,
				501830351735BB8900C9EA0A /* QuartzCore.framework */,
				50182FE617356A7500C9EA0A /* UIKit.framework */,
				50182FE817356A7500C9EA0A /* Foundation.framework */,
				50182FEA17356A7500C9EA0A /* CoreGraphics.framework */,
				5018300D17356A7500C9EA0A /* SenTestingKit.framework */,
			);
			name = Frameworks;
			sourceTree = "<group>";
		};
		50182FEC17356A7500C9EA0A /* StoryboardSupport */ = {
			isa = PBXGroup;
			children = (
				5013022917482D690064AEAB /* Classes */,
				50B9800D1735F10600C7ECBD /* Resources */,
				50182FF517356A7500C9EA0A /* AppDelegate.h */,
				50182FF617356A7500C9EA0A /* AppDelegate.m */,
				50182FFE17356A7500C9EA0A /* MainStoryboard_iPhone.storyboard */,
				5018300117356A7500C9EA0A /* MainStoryboard_iPad.storyboard */,
				5018300417356A7500C9EA0A /* ViewController.h */,
				5018300517356A7500C9EA0A /* ViewController.m */,
				50182FED17356A7500C9EA0A /* Supporting Files */,
			);
			path = StoryboardSupport;
			sourceTree = "<group>";
		};
		50182FED17356A7500C9EA0A /* Supporting Files */ = {
			isa = PBXGroup;
			children = (
				50182FEE17356A7500C9EA0A /* StoryboardSupport-Info.plist */,
				50182FEF17356A7500C9EA0A /* InfoPlist.strings */,
				50182FF217356A7500C9EA0A /* main.m */,
				50182FF417356A7500C9EA0A /* StoryboardSupport-Prefix.pch */,
				50182FF817356A7500C9EA0A /* Default.png */,
				50182FFA17356A7500C9EA0A /* Default@2x.png */,
				50182FFC17356A7500C9EA0A /* Default-568h@2x.png */,
			);
			name = "Supporting Files";
			sourceTree = "<group>";
		};
		5018301317356A7500C9EA0A /* StoryboardSupportTests */ = {
			isa = PBXGroup;
			children = (
				5018301917356A7500C9EA0A /* StoryboardSupportTests.h */,
				5018301A17356A7500C9EA0A /* StoryboardSupportTests.m */,
				5018301417356A7500C9EA0A /* Supporting Files */,
			);
			path = StoryboardSupportTests;
			sourceTree = "<group>";
		};
		5018301417356A7500C9EA0A /* Supporting Files */ = {
			isa = PBXGroup;
			children = (
				5018301517356A7500C9EA0A /* StoryboardSupportTests-Info.plist */,
				5018301617356A7500C9EA0A /* InfoPlist.strings */,
			);
			name = "Supporting Files";
			sourceTree = "<group>";
		};
		50B9800D1735F10600C7ECBD /* Resources */ = {
			isa = PBXGroup;
			children = (
				501301AC17376CFE0064AEAB /* sound-swipe.aif */,
				50B9800E1735F11D00C7ECBD /* GoudyBookletter1911.otf */,
				501301771737663B0064AEAB /* Junction.otf */,
				5013017B173767DD0064AEAB /* Fanwood.otf */,
				501301791737673F0064AEAB /* Raleway Thin.otf */,
			);
			path = Resources;
			sourceTree = "<group>";
		};
/* End PBXGroup section */

/* Begin PBXNativeTarget section */
		50182FE217356A7400C9EA0A /* StoryboardSupport */ = {
			isa = PBXNativeTarget;
			buildConfigurationList = 5018301E17356A7500C9EA0A /* Build configuration list for PBXNativeTarget "StoryboardSupport" */;
			buildPhases = (
				50182FDF17356A7400C9EA0A /* Sources */,
				50182FE017356A7400C9EA0A /* Frameworks */,
				50182FE117356A7400C9EA0A /* Resources */,
			);
			buildRules = (
			);
			dependencies = (
			);
			name = StoryboardSupport;
			productName = StoryboardSupport;
			productReference = 50182FE317356A7500C9EA0A /* StoryboardSupport.app */;
			productType = "com.apple.product-type.application";
		};
		5018300B17356A7500C9EA0A /* StoryboardSupportTests */ = {
			isa = PBXNativeTarget;
			buildConfigurationList = 5018302117356A7500C9EA0A /* Build configuration list for PBXNativeTarget "StoryboardSupportTests" */;
			buildPhases = (
				5018300717356A7500C9EA0A /* Sources */,
				5018300817356A7500C9EA0A /* Frameworks */,
				5018300917356A7500C9EA0A /* Resources */,
				5018300A17356A7500C9EA0A /* ShellScript */,
			);
			buildRules = (
			);
			dependencies = (
				5018301217356A7500C9EA0A /* PBXTargetDependency */,
			);
			name = StoryboardSupportTests;
			productName = StoryboardSupportTests;
			productReference = 5018300C17356A7500C9EA0A /* StoryboardSupportTests.octest */;
			productType = "com.apple.product-type.bundle";
		};
/* End PBXNativeTarget section */

/* Begin PBXProject section */
		50182FDB17356A7400C9EA0A /* Project object */ = {
			isa = PBXProject;
			attributes = {
				LastUpgradeCheck = 0460;
				ORGANIZATIONNAME = Tagher;
			};
			buildConfigurationList = 50182FDE17356A7400C9EA0A /* Build configuration list for PBXProject "StoryboardSupport" */;
			compatibilityVersion = "Xcode 3.2";
			developmentRegion = English;
			hasScannedForEncodings = 0;
			knownRegions = (
				en,
			);
			mainGroup = 50182FDA17356A7400C9EA0A;
			productRefGroup = 50182FE417356A7500C9EA0A /* Products */;
			projectDirPath = "";
			projectRoot = "";
			targets = (
				50182FE217356A7400C9EA0A /* StoryboardSupport */,
				5018300B17356A7500C9EA0A /* StoryboardSupportTests */,
			);
		};
/* End PBXProject section */

/* Begin PBXResourcesBuildPhase section */
		50182FE117356A7400C9EA0A /* Resources */ = {
			isa = PBXResourcesBuildPhase;
			buildActionMask = 2147483647;
			files = (
				50182FF117356A7500C9EA0A /* InfoPlist.strings in Resources */,
				50182FF917356A7500C9EA0A /* Default.png in Resources */,
				50182FFB17356A7500C9EA0A /* Default@2x.png in Resources */,
				50182FFD17356A7500C9EA0A /* Default-568h@2x.png in Resources */,
				5018300017356A7500C9EA0A /* MainStoryboard_iPhone.storyboard in Resources */,
				5018300317356A7500C9EA0A /* MainStoryboard_iPad.storyboard in Resources */,
				50B9800F1735F11D00C7ECBD /* GoudyBookletter1911.otf in Resources */,
				501301781737663B0064AEAB /* Junction.otf in Resources */,
				5013017A1737673F0064AEAB /* Raleway Thin.otf in Resources */,
				5013017C173767DD0064AEAB /* Fanwood.otf in Resources */,
				501301AD17376CFE0064AEAB /* sound-swipe.aif in Resources */,
			);
			runOnlyForDeploymentPostprocessing = 0;
		};
		5018300917356A7500C9EA0A /* Resources */ = {
			isa = PBXResourcesBuildPhase;
			buildActionMask = 2147483647;
			files = (
				5018301817356A7500C9EA0A /* InfoPlist.strings in Resources */,
			);
			runOnlyForDeploymentPostprocessing = 0;
		};
/* End PBXResourcesBuildPhase section */

/* Begin PBXShellScriptBuildPhase section */
		5018300A17356A7500C9EA0A /* ShellScript */ = {
			isa = PBXShellScriptBuildPhase;
			buildActionMask = 2147483647;
			files = (
			);
			inputPaths = (
			);
			outputPaths = (
			);
			runOnlyForDeploymentPostprocessing = 0;
			shellPath = /bin/sh;
			shellScript = "# Run the unit tests in this test bundle.\n\"${SYSTEM_DEVELOPER_DIR}/Tools/RunUnitTests\"\n";
		};
/* End PBXShellScriptBuildPhase section */

/* Begin PBXSourcesBuildPhase section */
		50182FDF17356A7400C9EA0A /* Sources */ = {
			isa = PBXSourcesBuildPhase;
			buildActionMask = 2147483647;
			files = (
				50182FF317356A7500C9EA0A /* main.m in Sources */,
				50182FF717356A7500C9EA0A /* AppDelegate.m in Sources */,
				5018300617356A7500C9EA0A /* ViewController.m in Sources */,
				5013022C17482E650064AEAB /* SoundEffectPlayer.m in Sources */,
				501302311748316B0064AEAB /* UIViewController+StoryboardActions.m in Sources */,
				5013023B174831850064AEAB /* UIButton+TCCustomFont.m in Sources */,
				5013023C174831850064AEAB /* UILabel+TCCustomFont.m in Sources */,
				5013023D174831850064AEAB /* UITextField+TCCustomFont.m in Sources */,
				5013023E174831850064AEAB /* UITextView+TCCustomFont.m in Sources */,
				50130243174831950064AEAB /* UIViewController+Toggle.m in Sources */,
				50130244174831950064AEAB /* UIStoryboard+MainStoryboard.m in Sources */,
			);
			runOnlyForDeploymentPostprocessing = 0;
		};
		5018300717356A7500C9EA0A /* Sources */ = {
			isa = PBXSourcesBuildPhase;
			buildActionMask = 2147483647;
			files = (
				5018301B17356A7500C9EA0A /* StoryboardSupportTests.m in Sources */,
			);
			runOnlyForDeploymentPostprocessing = 0;
		};
/* End PBXSourcesBuildPhase section */

/* Begin PBXTargetDependency section */
		5018301217356A7500C9EA0A /* PBXTargetDependency */ = {
			isa = PBXTargetDependency;
			target = 50182FE217356A7400C9EA0A /* StoryboardSupport */;
			targetProxy = 5018301117356A7500C9EA0A /* PBXContainerItemProxy */;
		};
/* End PBXTargetDependency section */

/* Begin PBXVariantGroup section */
		50182FEF17356A7500C9EA0A /* InfoPlist.strings */ = {
			isa = PBXVariantGroup;
			children = (
				50182FF017356A7500C9EA0A /* en */,
			);
			name = InfoPlist.strings;
			sourceTree = "<group>";
		};
		50182FFE17356A7500C9EA0A /* MainStoryboard_iPhone.storyboard */ = {
			isa = PBXVariantGroup;
			children = (
				50182FFF17356A7500C9EA0A /* en */,
			);
			name = MainStoryboard_iPhone.storyboard;
			sourceTree = "<group>";
		};
		5018300117356A7500C9EA0A /* MainStoryboard_iPad.storyboard */ = {
			isa = PBXVariantGroup;
			children = (
				5018300217356A7500C9EA0A /* en */,
			);
			name = MainStoryboard_iPad.storyboard;
			sourceTree = "<group>";
		};
		5018301617356A7500C9EA0A /* InfoPlist.strings */ = {
			isa = PBXVariantGroup;
			children = (
				5018301717356A7500C9EA0A /* en */,
			);
			name = InfoPlist.strings;
			sourceTree = "<group>";
		};
/* End PBXVariantGroup section */

/* Begin XCBuildConfiguration section */
		5018301C17356A7500C9EA0A /* Debug */ = {
			isa = XCBuildConfiguration;
			buildSettings = {
				ALWAYS_SEARCH_USER_PATHS = NO;
				CLANG_CXX_LANGUAGE_STANDARD = "gnu++0x";
				CLANG_CXX_LIBRARY = "libc++";
				CLANG_ENABLE_OBJC_ARC = YES;
				CLANG_WARN_CONSTANT_CONVERSION = YES;
				CLANG_WARN_EMPTY_BODY = YES;
				CLANG_WARN_ENUM_CONVERSION = YES;
				CLANG_WARN_INT_CONVERSION = YES;
				CLANG_WARN__DUPLICATE_METHOD_MATCH = YES;
				"CODE_SIGN_IDENTITY[sdk=iphoneos*]" = "iPhone Developer";
				COPY_PHASE_STRIP = NO;
				GCC_C_LANGUAGE_STANDARD = gnu99;
				GCC_DYNAMIC_NO_PIC = NO;
				GCC_OPTIMIZATION_LEVEL = 0;
				GCC_PREPROCESSOR_DEFINITIONS = (
					"DEBUG=1",
					"$(inherited)",
				);
				GCC_SYMBOLS_PRIVATE_EXTERN = NO;
				GCC_WARN_ABOUT_RETURN_TYPE = YES;
				GCC_WARN_UNINITIALIZED_AUTOS = YES;
				GCC_WARN_UNUSED_VARIABLE = YES;
				IPHONEOS_DEPLOYMENT_TARGET = 6.1;
				ONLY_ACTIVE_ARCH = YES;
				SDKROOT = iphoneos;
				TARGETED_DEVICE_FAMILY = "1,2";
			};
			name = Debug;
		};
		5018301D17356A7500C9EA0A /* Release */ = {
			isa = XCBuildConfiguration;
			buildSettings = {
				ALWAYS_SEARCH_USER_PATHS = NO;
				CLANG_CXX_LANGUAGE_STANDARD = "gnu++0x";
				CLANG_CXX_LIBRARY = "libc++";
				CLANG_ENABLE_OBJC_ARC = YES;
				CLANG_WARN_CONSTANT_CONVERSION = YES;
				CLANG_WARN_EMPTY_BODY = YES;
				CLANG_WARN_ENUM_CONVERSION = YES;
				CLANG_WARN_INT_CONVERSION = YES;
				CLANG_WARN__DUPLICATE_METHOD_MATCH = YES;
				"CODE_SIGN_IDENTITY[sdk=iphoneos*]" = "iPhone Developer";
				COPY_PHASE_STRIP = YES;
				GCC_C_LANGUAGE_STANDARD = gnu99;
				GCC_WARN_ABOUT_RETURN_TYPE = YES;
				GCC_WARN_UNINITIALIZED_AUTOS = YES;
				GCC_WARN_UNUSED_VARIABLE = YES;
				IPHONEOS_DEPLOYMENT_TARGET = 6.1;
				OTHER_CFLAGS = "-DNS_BLOCK_ASSERTIONS=1";
				SDKROOT = iphoneos;
				TARGETED_DEVICE_FAMILY = "1,2";
				VALIDATE_PRODUCT = YES;
			};
			name = Release;
		};
		5018301F17356A7500C9EA0A /* Debug */ = {
			isa = XCBuildConfiguration;
			buildSettings = {
				GCC_PRECOMPILE_PREFIX_HEADER = YES;
				GCC_PREFIX_HEADER = "StoryboardSupport/StoryboardSupport-Prefix.pch";
				INFOPLIST_FILE = "StoryboardSupport/StoryboardSupport-Info.plist";
				PRODUCT_NAME = "$(TARGET_NAME)";
				WRAPPER_EXTENSION = app;
			};
			name = Debug;
		};
		5018302017356A7500C9EA0A /* Release */ = {
			isa = XCBuildConfiguration;
			buildSettings = {
				GCC_PRECOMPILE_PREFIX_HEADER = YES;
				GCC_PREFIX_HEADER = "StoryboardSupport/StoryboardSupport-Prefix.pch";
				INFOPLIST_FILE = "StoryboardSupport/StoryboardSupport-Info.plist";
				PRODUCT_NAME = "$(TARGET_NAME)";
				WRAPPER_EXTENSION = app;
			};
			name = Release;
		};
		5018302217356A7500C9EA0A /* Debug */ = {
			isa = XCBuildConfiguration;
			buildSettings = {
				BUNDLE_LOADER = "$(BUILT_PRODUCTS_DIR)/StoryboardSupport.app/StoryboardSupport";
				FRAMEWORK_SEARCH_PATHS = (
					"\"$(SDKROOT)/Developer/Library/Frameworks\"",
					"\"$(DEVELOPER_LIBRARY_DIR)/Frameworks\"",
				);
				GCC_PRECOMPILE_PREFIX_HEADER = YES;
				GCC_PREFIX_HEADER = "StoryboardSupport/StoryboardSupport-Prefix.pch";
				INFOPLIST_FILE = "StoryboardSupportTests/StoryboardSupportTests-Info.plist";
				PRODUCT_NAME = "$(TARGET_NAME)";
				TEST_HOST = "$(BUNDLE_LOADER)";
				WRAPPER_EXTENSION = octest;
			};
			name = Debug;
		};
		5018302317356A7500C9EA0A /* Release */ = {
			isa = XCBuildConfiguration;
			buildSettings = {
				BUNDLE_LOADER = "$(BUILT_PRODUCTS_DIR)/StoryboardSupport.app/StoryboardSupport";
				FRAMEWORK_SEARCH_PATHS = (
					"\"$(SDKROOT)/Developer/Library/Frameworks\"",
					"\"$(DEVELOPER_LIBRARY_DIR)/Frameworks\"",
				);
				GCC_PRECOMPILE_PREFIX_HEADER = YES;
				GCC_PREFIX_HEADER = "StoryboardSupport/StoryboardSupport-Prefix.pch";
				INFOPLIST_FILE = "StoryboardSupportTests/StoryboardSupportTests-Info.plist";
				PRODUCT_NAME = "$(TARGET_NAME)";
				TEST_HOST = "$(BUNDLE_LOADER)";
				WRAPPER_EXTENSION = octest;
			};
			name = Release;
		};
/* End XCBuildConfiguration section */

/* Begin XCConfigurationList section */
		50182FDE17356A7400C9EA0A /* Build configuration list for PBXProject "StoryboardSupport" */ = {
			isa = XCConfigurationList;
			buildConfigurations = (
				5018301C17356A7500C9EA0A /* Debug */,
				5018301D17356A7500C9EA0A /* Release */,
			);
			defaultConfigurationIsVisible = 0;
			defaultConfigurationName = Release;
		};
		5018301E17356A7500C9EA0A /* Build configuration list for PBXNativeTarget "StoryboardSupport" */ = {
			isa = XCConfigurationList;
			buildConfigurations = (
				5018301F17356A7500C9EA0A /* Debug */,
				5018302017356A7500C9EA0A /* Release */,
			);
			defaultConfigurationIsVisible = 0;
			defaultConfigurationName = Release;
		};
		5018302117356A7500C9EA0A /* Build configuration list for PBXNativeTarget "StoryboardSupportTests" */ = {
			isa = XCConfigurationList;
			buildConfigurations = (
				5018302217356A7500C9EA0A /* Debug */,
				5018302317356A7500C9EA0A /* Release */,
			);
			defaultConfigurationIsVisible = 0;
			defaultConfigurationName = Release;
		};
/* End XCConfigurationList section */
	};
	rootObject = 50182FDB17356A7400C9EA0A /* Project object */;
}
